<?xml version="1.0"?>
<CONFIG>
  <ProjectOptions>
    <PathDelim Value="\"/>
    <Version Value="7"/>
    <General>
      <MainUnit Value="0"/>
      <TargetFileExt Value=".exe"/>
      <ResourceType Value="res"/>
      <UseXPManifest Value="True"/>
      <Icon Value="0"/>
      <ActiveWindowIndexAtStart Value="0"/>
    </General>
    <VersionInfo>
      <Language Value=""/>
      <CharSet Value=""/>
      <StringTable Comments="" CompanyName="" FileDescription="" FileVersion="" InternalName="" LegalCopyright="" LegalTrademarks="" OriginalFilename="" ProductName="" ProductVersion=""/>
    </VersionInfo>
    <PublishOptions>
      <Version Value="2"/>
      <IgnoreBinaries Value="False"/>
      <IncludeFileFilter Value="*.(pas|pp|inc|lfm|lpr|lrs|lpi|lpk|sh|xml)"/>
      <ExcludeFileFilter Value="*.(bak|ppu|ppw|o|so);*~;backup"/>
    </PublishOptions>
    <RunParams>
      <local>
        <FormatVersion Value="1"/>
        <LaunchingApplication PathPlusParams="/usr/X11R6/bin/xterm -T 'Lazarus Run Output' -e $(LazarusDir)/tools/runwait.sh $(TargetCmdLine)"/>
      </local>
    </RunParams>
    <RequiredPackages Count="5">
      <Item1>
        <PackageName Value="laz_timapper"/>
      </Item1>
      <Item2>
        <PackageName Value="tiOPF"/>
      </Item2>
      <Item3>
        <PackageName Value="FPCUnitTestRunner"/>
      </Item3>
      <Item4>
        <PackageName Value="LCL"/>
      </Item4>
      <Item5>
        <PackageName Value="FCL"/>
      </Item5>
    </RequiredPackages>
    <Units Count="10">
      <Unit0>
        <Filename Value="maptest.lpr"/>
        <IsPartOfProject Value="True"/>
        <UnitName Value="maptest"/>
        <EditorIndex Value="6"/>
        <WindowIndex Value="0"/>
        <TopLine Value="1"/>
        <CursorPos X="29" Y="16"/>
        <UsageCount Value="23"/>
        <Loaded Value="True"/>
      </Unit0>
      <Unit1>
        <Filename Value="test_mapper.pas"/>
        <IsPartOfProject Value="True"/>
        <UnitName Value="test_mapper"/>
        <EditorIndex Value="0"/>
        <WindowIndex Value="0"/>
        <TopLine Value="24"/>
        <CursorPos X="50" Y="46"/>
        <UsageCount Value="23"/>
        <Loaded Value="True"/>
      </Unit1>
      <Unit2>
        <Filename Value="base_connected_test.pas"/>
        <IsPartOfProject Value="True"/>
        <UnitName Value="base_connected_test"/>
        <EditorIndex Value="7"/>
        <WindowIndex Value="0"/>
        <TopLine Value="8"/>
        <CursorPos X="31" Y="20"/>
        <UsageCount Value="23"/>
        <Loaded Value="True"/>
      </Unit2>
      <Unit3>
        <Filename Value="connection_util.pas"/>
        <IsPartOfProject Value="True"/>
        <UnitName Value="connection_util"/>
        <EditorIndex Value="8"/>
        <WindowIndex Value="0"/>
        <TopLine Value="2"/>
        <CursorPos X="10" Y="19"/>
        <UsageCount Value="23"/>
        <Loaded Value="True"/>
      </Unit3>
      <Unit4>
        <Filename Value="M:\lazarus\components\tiOPF2\Core\tiUtils.pas"/>
        <UnitName Value="tiUtils"/>
        <EditorIndex Value="9"/>
        <WindowIndex Value="0"/>
        <TopLine Value="175"/>
        <CursorPos X="29" Y="19"/>
        <UsageCount Value="12"/>
        <Loaded Value="True"/>
      </Unit4>
      <Unit5>
        <Filename Value="..\bom\jobs_bom.pas"/>
        <IsPartOfProject Value="True"/>
        <UnitName Value="jobs_bom"/>
        <EditorIndex Value="5"/>
        <WindowIndex Value="0"/>
        <TopLine Value="233"/>
        <CursorPos X="18" Y="267"/>
        <UsageCount Value="23"/>
        <Loaded Value="True"/>
      </Unit5>
      <Unit6>
        <Filename Value="..\bom\person_bom.pas"/>
        <IsPartOfProject Value="True"/>
        <UnitName Value="person_bom"/>
        <EditorIndex Value="3"/>
        <WindowIndex Value="0"/>
        <TopLine Value="11"/>
        <CursorPos X="10" Y="22"/>
        <UsageCount Value="23"/>
        <Loaded Value="True"/>
      </Unit6>
      <Unit7>
        <Filename Value="M:\lazarus\components\tiOPF2\Options\tiQuerySqldb.pas"/>
        <UnitName Value="tiQuerySqldb"/>
        <EditorIndex Value="2"/>
        <WindowIndex Value="0"/>
        <TopLine Value="140"/>
        <CursorPos X="1" Y="157"/>
        <UsageCount Value="11"/>
        <Loaded Value="True"/>
      </Unit7>
      <Unit8>
        <Filename Value="M:\lazarus\components\tiOPF2\Options\tiQueryDataset.pas"/>
        <UnitName Value="tiQueryDataset"/>
        <EditorIndex Value="1"/>
        <WindowIndex Value="0"/>
        <TopLine Value="597"/>
        <CursorPos X="1" Y="623"/>
        <UsageCount Value="11"/>
        <Loaded Value="True"/>
      </Unit8>
      <Unit9>
        <Filename Value="..\..\mapper\tiSQLParser.pas"/>
        <UnitName Value="tiSQLParser"/>
        <IsVisibleTab Value="True"/>
        <EditorIndex Value="4"/>
        <WindowIndex Value="0"/>
        <TopLine Value="1"/>
        <CursorPos X="36" Y="13"/>
        <UsageCount Value="10"/>
        <Loaded Value="True"/>
      </Unit9>
    </Units>
    <JumpHistory Count="30" HistoryIndex="29">
      <Position1>
        <Filename Value="test_mapper.pas"/>
        <Caret Line="36" Column="1" TopLine="23"/>
      </Position1>
      <Position2>
        <Filename Value="test_mapper.pas"/>
        <Caret Line="39" Column="1" TopLine="23"/>
      </Position2>
      <Position3>
        <Filename Value="test_mapper.pas"/>
        <Caret Line="40" Column="1" TopLine="23"/>
      </Position3>
      <Position4>
        <Filename Value="test_mapper.pas"/>
        <Caret Line="41" Column="1" TopLine="23"/>
      </Position4>
      <Position5>
        <Filename Value="test_mapper.pas"/>
        <Caret Line="45" Column="1" TopLine="23"/>
      </Position5>
      <Position6>
        <Filename Value="test_mapper.pas"/>
        <Caret Line="46" Column="1" TopLine="23"/>
      </Position6>
      <Position7>
        <Filename Value="..\bom\person_bom.pas"/>
        <Caret Line="338" Column="1" TopLine="321"/>
      </Position7>
      <Position8>
        <Filename Value="..\bom\person_bom.pas"/>
        <Caret Line="339" Column="1" TopLine="321"/>
      </Position8>
      <Position9>
        <Filename Value="..\bom\person_bom.pas"/>
        <Caret Line="340" Column="1" TopLine="321"/>
      </Position9>
      <Position10>
        <Filename Value="..\bom\person_bom.pas"/>
        <Caret Line="344" Column="1" TopLine="321"/>
      </Position10>
      <Position11>
        <Filename Value="..\bom\person_bom.pas"/>
        <Caret Line="349" Column="53" TopLine="321"/>
      </Position11>
      <Position12>
        <Filename Value="test_mapper.pas"/>
        <Caret Line="46" Column="1" TopLine="23"/>
      </Position12>
      <Position13>
        <Filename Value="..\bom\person_bom.pas"/>
        <Caret Line="338" Column="1" TopLine="321"/>
      </Position13>
      <Position14>
        <Filename Value="..\bom\person_bom.pas"/>
        <Caret Line="339" Column="1" TopLine="321"/>
      </Position14>
      <Position15>
        <Filename Value="..\bom\person_bom.pas"/>
        <Caret Line="340" Column="1" TopLine="321"/>
      </Position15>
      <Position16>
        <Filename Value="..\bom\person_bom.pas"/>
        <Caret Line="344" Column="1" TopLine="321"/>
      </Position16>
      <Position17>
        <Filename Value="..\bom\person_bom.pas"/>
        <Caret Line="345" Column="1" TopLine="321"/>
      </Position17>
      <Position18>
        <Filename Value="..\bom\jobs_bom.pas"/>
        <Caret Line="267" Column="18" TopLine="233"/>
      </Position18>
      <Position19>
        <Filename Value="test_mapper.pas"/>
        <Caret Line="46" Column="1" TopLine="23"/>
      </Position19>
      <Position20>
        <Filename Value="..\bom\person_bom.pas"/>
        <Caret Line="339" Column="1" TopLine="322"/>
      </Position20>
      <Position21>
        <Filename Value="..\bom\jobs_bom.pas"/>
        <Caret Line="267" Column="18" TopLine="233"/>
      </Position21>
      <Position22>
        <Filename Value="test_mapper.pas"/>
        <Caret Line="46" Column="1" TopLine="23"/>
      </Position22>
      <Position23>
        <Filename Value="..\bom\jobs_bom.pas"/>
        <Caret Line="267" Column="18" TopLine="233"/>
      </Position23>
      <Position24>
        <Filename Value="..\bom\person_bom.pas"/>
        <Caret Line="338" Column="1" TopLine="331"/>
      </Position24>
      <Position25>
        <Filename Value="..\bom\person_bom.pas"/>
        <Caret Line="339" Column="1" TopLine="331"/>
      </Position25>
      <Position26>
        <Filename Value="..\bom\person_bom.pas"/>
        <Caret Line="340" Column="1" TopLine="331"/>
      </Position26>
      <Position27>
        <Filename Value="test_mapper.pas"/>
        <Caret Line="47" Column="1" TopLine="23"/>
      </Position27>
      <Position28>
        <Filename Value="test_mapper.pas"/>
        <Caret Line="50" Column="1" TopLine="23"/>
      </Position28>
      <Position29>
        <Filename Value="..\bom\person_bom.pas"/>
        <Caret Line="340" Column="1" TopLine="331"/>
      </Position29>
      <Position30>
        <Filename Value="..\bom\person_bom.pas"/>
        <Caret Line="22" Column="10" TopLine="11"/>
      </Position30>
    </JumpHistory>
  </ProjectOptions>
  <CompilerOptions>
    <Version Value="8"/>
    <PathDelim Value="\"/>
    <Target>
      <Filename Value="maptest.exe"/>
    </Target>
    <SearchPaths>
      <IncludeFiles Value="$(ProjOutDir)\"/>
      <OtherUnitFiles Value="M:\LazarusProjects\custom_comps\tiOPFMapper\demos\bom\"/>
      <UnitOutputDirectory Value="\output"/>
    </SearchPaths>
    <Parsing>
      <SyntaxOptions>
        <UseAnsiStrings Value="True"/>
      </SyntaxOptions>
    </Parsing>
    <Other>
      <CompilerMessages>
        <UseMsgFile Value="True"/>
      </CompilerMessages>
      <CompilerPath Value="$(CompPath)"/>
    </Other>
  </CompilerOptions>
  <Debugging>
    <BreakPoints Count="1">
      <Item1>
        <Source Value="..\bom\person_bom.pas"/>
        <Line Value="338"/>
      </Item1>
    </BreakPoints>
    <Exceptions Count="3">
      <Item1>
        <Name Value="EAbort"/>
      </Item1>
      <Item2>
        <Name Value="ECodetoolError"/>
      </Item2>
      <Item3>
        <Name Value="EFOpenError"/>
      </Item3>
    </Exceptions>
  </Debugging>
</CONFIG>
