<?xml version="1.0"?>
<CONFIG>
  <ProjectOptions>
    <PathDelim Value="\"/>
    <Version Value="7"/>
    <General>
      <MainUnit Value="0"/>
      <TargetFileExt Value=".exe"/>
      <ResourceType Value="res"/>
      <UseXPManifest Value="True"/>
      <Icon Value="0"/>
      <ActiveWindowIndexAtStart Value="0"/>
    </General>
    <VersionInfo>
      <Language Value=""/>
      <CharSet Value=""/>
      <StringTable Comments="" CompanyName="" FileDescription="" FileVersion="" InternalName="" LegalCopyright="" LegalTrademarks="" OriginalFilename="" ProductName="" ProductVersion=""/>
    </VersionInfo>
    <PublishOptions>
      <Version Value="2"/>
      <IgnoreBinaries Value="False"/>
      <IncludeFileFilter Value="*.(pas|pp|inc|lfm|lpr|lrs|lpi|lpk|sh|xml)"/>
      <ExcludeFileFilter Value="*.(bak|ppu|ppw|o|so);*~;backup"/>
    </PublishOptions>
    <RunParams>
      <local>
        <FormatVersion Value="1"/>
        <LaunchingApplication PathPlusParams="/usr/X11R6/bin/xterm -T 'Lazarus Run Output' -e $(LazarusDir)/tools/runwait.sh $(TargetCmdLine)"/>
      </local>
    </RunParams>
    <RequiredPackages Count="5">
      <Item1>
        <PackageName Value="laz_timapper"/>
      </Item1>
      <Item2>
        <PackageName Value="tiOPF"/>
      </Item2>
      <Item3>
        <PackageName Value="FPCUnitTestRunner"/>
      </Item3>
      <Item4>
        <PackageName Value="LCL"/>
      </Item4>
      <Item5>
        <PackageName Value="FCL"/>
      </Item5>
    </RequiredPackages>
    <Units Count="14">
      <Unit0>
        <Filename Value="maptest.lpr"/>
        <IsPartOfProject Value="True"/>
        <UnitName Value="maptest"/>
        <WindowIndex Value="0"/>
        <TopLine Value="1"/>
        <CursorPos X="29" Y="16"/>
        <UsageCount Value="41"/>
      </Unit0>
      <Unit1>
        <Filename Value="test_mapper.pas"/>
        <IsPartOfProject Value="True"/>
        <UnitName Value="test_mapper"/>
        <EditorIndex Value="2"/>
        <WindowIndex Value="0"/>
        <TopLine Value="83"/>
        <CursorPos X="17" Y="97"/>
        <UsageCount Value="41"/>
        <Loaded Value="True"/>
      </Unit1>
      <Unit2>
        <Filename Value="base_connected_test.pas"/>
        <IsPartOfProject Value="True"/>
        <UnitName Value="base_connected_test"/>
        <WindowIndex Value="0"/>
        <TopLine Value="8"/>
        <CursorPos X="31" Y="20"/>
        <UsageCount Value="41"/>
      </Unit2>
      <Unit3>
        <Filename Value="connection_util.pas"/>
        <IsPartOfProject Value="True"/>
        <UnitName Value="connection_util"/>
        <WindowIndex Value="0"/>
        <TopLine Value="18"/>
        <CursorPos X="28" Y="45"/>
        <UsageCount Value="41"/>
      </Unit3>
      <Unit4>
        <Filename Value="M:\lazarus\components\tiOPF2\Core\tiUtils.pas"/>
        <UnitName Value="tiUtils"/>
        <EditorIndex Value="1"/>
        <WindowIndex Value="0"/>
        <TopLine Value="139"/>
        <CursorPos X="19" Y="194"/>
        <UsageCount Value="13"/>
        <Loaded Value="True"/>
      </Unit4>
      <Unit5>
        <Filename Value="..\bom\jobs_bom.pas"/>
        <IsPartOfProject Value="True"/>
        <UnitName Value="jobs_bom"/>
        <EditorIndex Value="6"/>
        <WindowIndex Value="0"/>
        <TopLine Value="1075"/>
        <CursorPos X="52" Y="1078"/>
        <UsageCount Value="41"/>
        <Loaded Value="True"/>
      </Unit5>
      <Unit6>
        <Filename Value="..\bom\person_bom.pas"/>
        <IsPartOfProject Value="True"/>
        <UnitName Value="person_bom"/>
        <EditorIndex Value="0"/>
        <WindowIndex Value="0"/>
        <TopLine Value="349"/>
        <CursorPos X="36" Y="368"/>
        <UsageCount Value="41"/>
        <Loaded Value="True"/>
      </Unit6>
      <Unit7>
        <Filename Value="M:\lazarus\components\tiOPF2\Options\tiQuerySqldb.pas"/>
        <UnitName Value="tiQuerySqldb"/>
        <WindowIndex Value="0"/>
        <TopLine Value="140"/>
        <CursorPos X="1" Y="157"/>
        <UsageCount Value="10"/>
      </Unit7>
      <Unit8>
        <Filename Value="M:\lazarus\components\tiOPF2\Options\tiQueryDataset.pas"/>
        <UnitName Value="tiQueryDataset"/>
        <WindowIndex Value="0"/>
        <TopLine Value="597"/>
        <CursorPos X="1" Y="623"/>
        <UsageCount Value="10"/>
      </Unit8>
      <Unit9>
        <Filename Value="..\..\mapper\tiSQLParser.pas"/>
        <UnitName Value="tiSQLParser"/>
        <WindowIndex Value="0"/>
        <TopLine Value="97"/>
        <CursorPos X="29" Y="16"/>
        <UsageCount Value="9"/>
      </Unit9>
      <Unit10>
        <Filename Value="test_cleanup.pas"/>
        <IsPartOfProject Value="True"/>
        <UnitName Value="test_cleanup"/>
        <WindowIndex Value="0"/>
        <TopLine Value="1"/>
        <CursorPos X="4" Y="20"/>
        <UsageCount Value="36"/>
      </Unit10>
      <Unit11>
        <Filename Value="..\..\readme.txt"/>
        <EditorIndex Value="5"/>
        <WindowIndex Value="0"/>
        <TopLine Value="35"/>
        <CursorPos X="32" Y="137"/>
        <UsageCount Value="27"/>
        <Loaded Value="True"/>
        <DefaultSyntaxHighlighter Value="None"/>
      </Unit11>
      <Unit12>
        <Filename Value="M:\lazarus_current\lazarus\fpc\2.4.0\source\rtl\objpas\sysutils\finah.inc"/>
        <EditorIndex Value="4"/>
        <WindowIndex Value="0"/>
        <TopLine Value="8"/>
        <CursorPos X="72" Y="28"/>
        <UsageCount Value="11"/>
        <Loaded Value="True"/>
      </Unit12>
      <Unit13>
        <Filename Value="..\..\mapper\mapper.pas"/>
        <UnitName Value="mapper"/>
        <IsVisibleTab Value="True"/>
        <EditorIndex Value="3"/>
        <WindowIndex Value="0"/>
        <TopLine Value="711"/>
        <CursorPos X="15" Y="745"/>
        <UsageCount Value="11"/>
        <Loaded Value="True"/>
      </Unit13>
    </Units>
    <JumpHistory Count="30" HistoryIndex="29">
      <Position1>
        <Filename Value="..\bom\person_bom.pas"/>
        <Caret Line="364" Column="1" TopLine="342"/>
      </Position1>
      <Position2>
        <Filename Value="..\bom\person_bom.pas"/>
        <Caret Line="365" Column="1" TopLine="365"/>
      </Position2>
      <Position3>
        <Filename Value="..\bom\person_bom.pas"/>
        <Caret Line="364" Column="28" TopLine="364"/>
      </Position3>
      <Position4>
        <Filename Value="..\bom\jobs_bom.pas"/>
        <Caret Line="1108" Column="5" TopLine="1075"/>
      </Position4>
      <Position5>
        <Filename Value="test_mapper.pas"/>
        <Caret Line="134" Column="1" TopLine="113"/>
      </Position5>
      <Position6>
        <Filename Value="test_mapper.pas"/>
        <Caret Line="135" Column="1" TopLine="113"/>
      </Position6>
      <Position7>
        <Filename Value="..\bom\person_bom.pas"/>
        <Caret Line="359" Column="1" TopLine="347"/>
      </Position7>
      <Position8>
        <Filename Value="..\bom\person_bom.pas"/>
        <Caret Line="360" Column="1" TopLine="347"/>
      </Position8>
      <Position9>
        <Filename Value="..\bom\person_bom.pas"/>
        <Caret Line="361" Column="1" TopLine="347"/>
      </Position9>
      <Position10>
        <Filename Value="..\bom\person_bom.pas"/>
        <Caret Line="365" Column="1" TopLine="347"/>
      </Position10>
      <Position11>
        <Filename Value="..\bom\person_bom.pas"/>
        <Caret Line="366" Column="1" TopLine="347"/>
      </Position11>
      <Position12>
        <Filename Value="..\bom\person_bom.pas"/>
        <Caret Line="367" Column="1" TopLine="347"/>
      </Position12>
      <Position13>
        <Filename Value="..\bom\person_bom.pas"/>
        <Caret Line="368" Column="1" TopLine="347"/>
      </Position13>
      <Position14>
        <Filename Value="test_mapper.pas"/>
        <Caret Line="116" Column="31" TopLine="97"/>
      </Position14>
      <Position15>
        <Filename Value="..\bom\person_bom.pas"/>
        <Caret Line="359" Column="1" TopLine="347"/>
      </Position15>
      <Position16>
        <Filename Value="..\bom\person_bom.pas"/>
        <Caret Line="360" Column="1" TopLine="347"/>
      </Position16>
      <Position17>
        <Filename Value="..\bom\person_bom.pas"/>
        <Caret Line="361" Column="1" TopLine="347"/>
      </Position17>
      <Position18>
        <Filename Value="..\bom\person_bom.pas"/>
        <Caret Line="365" Column="1" TopLine="347"/>
      </Position18>
      <Position19>
        <Filename Value="..\bom\person_bom.pas"/>
        <Caret Line="366" Column="1" TopLine="347"/>
      </Position19>
      <Position20>
        <Filename Value="..\bom\person_bom.pas"/>
        <Caret Line="367" Column="1" TopLine="347"/>
      </Position20>
      <Position21>
        <Filename Value="..\bom\person_bom.pas"/>
        <Caret Line="368" Column="1" TopLine="347"/>
      </Position21>
      <Position22>
        <Filename Value="test_mapper.pas"/>
        <Caret Line="150" Column="37" TopLine="128"/>
      </Position22>
      <Position23>
        <Filename Value="..\bom\person_bom.pas"/>
        <Caret Line="364" Column="30" TopLine="364"/>
      </Position23>
      <Position24>
        <Filename Value="..\bom\person_bom.pas"/>
        <Caret Line="80" Column="66" TopLine="70"/>
      </Position24>
      <Position25>
        <Filename Value="test_mapper.pas"/>
        <Caret Line="100" Column="9" TopLine="89"/>
      </Position25>
      <Position26>
        <Filename Value="..\..\mapper\mapper.pas"/>
        <Caret Line="10" Column="20" TopLine="310"/>
      </Position26>
      <Position27>
        <Filename Value="..\..\mapper\mapper.pas"/>
        <Caret Line="680" Column="8" TopLine="646"/>
      </Position27>
      <Position28>
        <Filename Value="test_mapper.pas"/>
        <Caret Line="99" Column="35" TopLine="89"/>
      </Position28>
      <Position29>
        <Filename Value="test_mapper.pas"/>
        <Caret Line="100" Column="62" TopLine="47"/>
      </Position29>
      <Position30>
        <Filename Value="..\..\mapper\mapper.pas"/>
        <Caret Line="650" Column="61" TopLine="634"/>
      </Position30>
    </JumpHistory>
  </ProjectOptions>
  <CompilerOptions>
    <Version Value="8"/>
    <PathDelim Value="\"/>
    <Target>
      <Filename Value="maptest.exe"/>
    </Target>
    <SearchPaths>
      <IncludeFiles Value="$(ProjOutDir)\"/>
      <OtherUnitFiles Value="M:\LazarusProjects\custom_comps\tiOPFMapper\demos\bom\"/>
      <UnitOutputDirectory Value="\output"/>
    </SearchPaths>
    <Parsing>
      <SyntaxOptions>
        <UseAnsiStrings Value="True"/>
      </SyntaxOptions>
    </Parsing>
    <Other>
      <CompilerMessages>
        <UseMsgFile Value="True"/>
      </CompilerMessages>
      <CompilerPath Value="$(CompPath)"/>
    </Other>
  </CompilerOptions>
  <Debugging>
    <Exceptions Count="3">
      <Item1>
        <Name Value="EAbort"/>
      </Item1>
      <Item2>
        <Name Value="ECodetoolError"/>
      </Item2>
      <Item3>
        <Name Value="EFOpenError"/>
      </Item3>
    </Exceptions>
  </Debugging>
</CONFIG>
