<?xml version="1.0" encoding="UTF-8"?>
<CONFIG>
  <ProjectOptions>
    <Version Value="9"/>
    <General>
      <SessionStorage Value="InProjectDir"/>
      <MainUnit Value="0"/>
      <Title Value="tiDataPump"/>
      <UseAppBundle Value="False"/>
      <ResourceType Value="res"/>
    </General>
    <i18n>
      <EnableI18N LFM="False"/>
    </i18n>
    <VersionInfo>
      <StringTable ProductVersion=""/>
    </VersionInfo>
    <BuildModes Count="1">
      <Item1 Name="Default" Default="True"/>
    </BuildModes>
    <PublishOptions>
      <Version Value="2"/>
    </PublishOptions>
    <RunParams>
      <local>
        <FormatVersion Value="1"/>
      </local>
    </RunParams>
    <RequiredPackages Count="2">
      <Item1>
        <PackageName Value="tiOPFfpGUI"/>
      </Item1>
      <Item2>
        <PackageName Value="fpgui_toolkit"/>
      </Item2>
    </RequiredPackages>
    <Units Count="3">
      <Unit0>
        <Filename Value="tiDataPump.lpr"/>
        <IsPartOfProject Value="True"/>
        <UnitName Value="tiDataPump"/>
      </Unit0>
      <Unit1>
        <Filename Value="tiDataPump_BOM.pas"/>
        <IsPartOfProject Value="True"/>
        <UnitName Value="tiDataPump_BOM"/>
      </Unit1>
      <Unit2>
        <Filename Value="helpers.pas"/>
        <IsPartOfProject Value="True"/>
        <UnitName Value="helpers"/>
      </Unit2>
    </Units>
  </ProjectOptions>
  <CompilerOptions>
    <Version Value="11"/>
    <Target>
      <Filename Value="tiDataPump"/>
    </Target>
    <SearchPaths>
      <IncludeFiles Value="$(ProjOutDir)"/>
      <UnitOutputDirectory Value="units"/>
    </SearchPaths>
    <Other>
      <CompilerMessages>
        <MsgFileName Value=""/>
      </CompilerMessages>
      <CustomOptions Value="-dLINK_CSV
-dLINK_TAB
-dLINK_FBLx
-dLINK_SQLDB_IB
-dLINK_SQLDB_PQ
-dLINK_SQLDB_Oraclex
-dLINK_SQLDB_SQLite3x
-dLINK_SQLDB_ODBCx
-dLINK_SQLDB_MySQL40x
-dLINK_SQLDB_MySQL41x
-dLINK_SQLDB_MySQL50x
-dLINK_XMLLIGHT
-dLINK_ZEOS_FBx"/>
      <CompilerPath Value="$(CompPath)"/>
    </Other>
  </CompilerOptions>
  <Debugging>
    <Exceptions Count="3">
      <Item1>
        <Name Value="EAbort"/>
      </Item1>
      <Item2>
        <Name Value="ECodetoolError"/>
      </Item2>
      <Item3>
        <Name Value="EFOpenError"/>
      </Item3>
    </Exceptions>
  </Debugging>
</CONFIG>
