<?xml version="1.0"?>
<CONFIG>
  <ProjectOptions>
    <PathDelim Value="\"/>
    <Version Value="7"/>
    <General>
      <Flags>
        <UseDefaultCompilerOptions Value="True"/>
      </Flags>
      <MainUnit Value="0"/>
      <AutoCreateForms Value="False"/>
      <TargetFileExt Value=".exe"/>
      <ResourceType Value="res"/>
      <UseXPManifest Value="True"/>
      <Icon Value="0"/>
      <ActiveWindowIndexAtStart Value="0"/>
    </General>
    <VersionInfo>
      <Language Value=""/>
      <CharSet Value=""/>
      <StringTable Comments="" CompanyName="" FileDescription="" FileVersion="" InternalName="" LegalCopyright="" LegalTrademarks="" OriginalFilename="" ProductName="" ProductVersion=""/>
    </VersionInfo>
    <PublishOptions>
      <Version Value="2"/>
      <IgnoreBinaries Value="False"/>
      <IncludeFileFilter Value="*.(pas|pp|inc|lfm|lpr|lrs|lpi|lpk|sh|xml)"/>
      <ExcludeFileFilter Value="*.(bak|ppu|ppw|o|so);*~;backup"/>
    </PublishOptions>
    <RunParams>
      <local>
        <FormatVersion Value="1"/>
        <LaunchingApplication PathPlusParams="/usr/X11R6/bin/xterm -T 'Lazarus Run Output' -e $(LazarusDir)/tools/runwait.sh $(TargetCmdLine)"/>
      </local>
    </RunParams>
    <RequiredPackages Count="7">
      <Item1>
        <PackageName Value="SynEdit"/>
        <MinVersion Major="1" Valid="True"/>
      </Item1>
      <Item2>
        <PackageName Value="laz_timapper"/>
      </Item2>
      <Item3>
        <PackageName Value="laz_langfactory_pkg"/>
      </Item3>
      <Item4>
        <PackageName Value="ZVDateTimeCtrls"/>
        <MinVersion Major="1" Minor="2" Valid="True"/>
      </Item4>
      <Item5>
        <PackageName Value="laz_timvc"/>
      </Item5>
      <Item6>
        <PackageName Value="tiOPF"/>
      </Item6>
      <Item7>
        <PackageName Value="LCL"/>
      </Item7>
    </RequiredPackages>
    <Units Count="53">
      <Unit0>
        <Filename Value="mapgui.lpr"/>
        <IsPartOfProject Value="True"/>
        <UnitName Value="mapgui"/>
        <WindowIndex Value="0"/>
        <TopLine Value="1"/>
        <CursorPos X="90" Y="27"/>
        <UsageCount Value="156"/>
      </Unit0>
      <Unit1>
        <Filename Value="main_form.pas"/>
        <IsPartOfProject Value="True"/>
        <ComponentName Value="MainForm"/>
        <ResourceBaseClass Value="Form"/>
        <UnitName Value="main_form"/>
        <IsVisibleTab Value="True"/>
        <EditorIndex Value="0"/>
        <WindowIndex Value="0"/>
        <TopLine Value="125"/>
        <CursorPos X="71" Y="127"/>
        <UsageCount Value="156"/>
        <Loaded Value="True"/>
      </Unit1>
      <Unit2>
        <Filename Value="M:\lazarus\components\tiOPF2\Core\tiModelMediator.pas"/>
        <UnitName Value="tiModelMediator"/>
        <WindowIndex Value="0"/>
        <TopLine Value="184"/>
        <CursorPos X="49" Y="200"/>
        <UsageCount Value="2"/>
      </Unit2>
      <Unit3>
        <Filename Value="M:\DelphiProjects\D2009Projects\projects\CustomComponents\tiEventMVC\mvc_base.pas"/>
        <UnitName Value="mvc_base"/>
        <WindowIndex Value="0"/>
        <TopLine Value="748"/>
        <CursorPos X="1" Y="767"/>
        <UsageCount Value="55"/>
      </Unit3>
      <Unit4>
        <Filename Value="views\base_edit_view.pas"/>
        <IsPartOfProject Value="True"/>
        <ComponentName Value="BaseEditView"/>
        <ResourceBaseClass Value="Form"/>
        <UnitName Value="base_edit_view"/>
        <WindowIndex Value="0"/>
        <TopLine Value="1"/>
        <CursorPos X="3" Y="12"/>
        <UsageCount Value="156"/>
      </Unit4>
      <Unit5>
        <Filename Value="M:\DelphiProjects\D2009Projects\projects\CustomComponents\tiEventMVC\vcl_controllers.pas"/>
        <UnitName Value="vcl_controllers"/>
        <WindowIndex Value="0"/>
        <TopLine Value="812"/>
        <CursorPos X="1" Y="829"/>
        <UsageCount Value="3"/>
      </Unit5>
      <Unit6>
        <Filename Value="M:\DelphiProjects\D2009Projects\projects\CustomComponents\tiEventMVC\lcl_controllers.pas"/>
        <UnitName Value="lcl_controllers"/>
        <WindowIndex Value="0"/>
        <TopLine Value="941"/>
        <CursorPos X="88" Y="970"/>
        <UsageCount Value="44"/>
      </Unit6>
      <Unit7>
        <Filename Value="M:\lazarus\components\tiOPF2\Compilers\FPC\tiOPF.pas"/>
        <UnitName Value="tiOPF"/>
        <WindowIndex Value="0"/>
        <TopLine Value="1"/>
        <CursorPos X="1" Y="1"/>
        <UsageCount Value="3"/>
      </Unit7>
      <Unit8>
        <Filename Value="M:\lazarus\components\tiEventMVC\mvc_events.pas"/>
        <UnitName Value="mvc_events"/>
        <WindowIndex Value="0"/>
        <TopLine Value="1"/>
        <CursorPos X="1" Y="1"/>
        <UsageCount Value="10"/>
      </Unit8>
      <Unit9>
        <Filename Value="M:\lazarus_current\lazarus\fpc\2.4.0\source\packages\fcl-xml\fpmake.pp"/>
        <UnitName Value="fpmake"/>
        <WindowIndex Value="0"/>
        <TopLine Value="1"/>
        <CursorPos X="29" Y="14"/>
        <UsageCount Value="10"/>
      </Unit9>
      <Unit10>
        <Filename Value="M:\DelphiProjects\D2009Projects\projects\CustomComponents\tiEventMVC\widget_controllers.pas"/>
        <UnitName Value="widget_controllers"/>
        <WindowIndex Value="0"/>
        <TopLine Value="416"/>
        <CursorPos X="1" Y="428"/>
        <UsageCount Value="24"/>
      </Unit10>
      <Unit11>
        <Filename Value="views\base_form_view.pas"/>
        <IsPartOfProject Value="True"/>
        <ComponentName Value="BaseFormView"/>
        <HasResources Value="True"/>
        <ResourceBaseClass Value="Form"/>
        <UnitName Value="base_form_view"/>
        <WindowIndex Value="0"/>
        <TopLine Value="1"/>
        <CursorPos X="3" Y="11"/>
        <UsageCount Value="150"/>
      </Unit11>
      <Unit12>
        <Filename Value="M:\DelphiProjects\D2009Projects\projects\poker\manager\controllers\app_ctrl.pas"/>
        <UnitName Value="app_ctrl"/>
        <WindowIndex Value="0"/>
        <TopLine Value="36"/>
        <CursorPos X="47" Y="25"/>
        <UsageCount Value="10"/>
      </Unit12>
      <Unit13>
        <Filename Value="M:\DelphiProjects\D2009Projects\projects\poker\manager\models\app_mdl.pas"/>
        <UnitName Value="app_mdl"/>
        <WindowIndex Value="0"/>
        <TopLine Value="16"/>
        <CursorPos X="86" Y="40"/>
        <UsageCount Value="10"/>
      </Unit13>
      <Unit14>
        <Filename Value="views\base_list_view.pas"/>
        <IsPartOfProject Value="True"/>
        <ComponentName Value="BaseListView"/>
        <ResourceBaseClass Value="Form"/>
        <UnitName Value="base_list_view"/>
        <WindowIndex Value="0"/>
        <TopLine Value="1"/>
        <CursorPos X="32" Y="1"/>
        <UsageCount Value="150"/>
      </Unit14>
      <Unit15>
        <Filename Value="controllers\base_edit_ctrl.pas"/>
        <IsPartOfProject Value="True"/>
        <UnitName Value="base_edit_ctrl"/>
        <WindowIndex Value="0"/>
        <TopLine Value="25"/>
        <CursorPos X="50" Y="27"/>
        <UsageCount Value="150"/>
      </Unit15>
      <Unit16>
        <Filename Value="controllers\base_list_view_ctrl.pas"/>
        <IsPartOfProject Value="True"/>
        <UnitName Value="base_list_view_ctrl"/>
        <WindowIndex Value="0"/>
        <TopLine Value="428"/>
        <CursorPos X="1" Y="457"/>
        <UsageCount Value="150"/>
      </Unit16>
      <Unit17>
        <Filename Value="M:\DelphiProjects\D2009Projects\projects\CustomComponents\GetTextFactory\language_factory.pas"/>
        <UnitName Value="language_factory"/>
        <WindowIndex Value="0"/>
        <TopLine Value="1"/>
        <CursorPos X="27" Y="21"/>
        <UsageCount Value="10"/>
      </Unit17>
      <Unit18>
        <Filename Value="M:\DelphiProjects\D2009Projects\projects\CustomComponents\tiEventMVC\mvc_criteria.pas"/>
        <UnitName Value="mvc_criteria"/>
        <WindowIndex Value="0"/>
        <TopLine Value="25"/>
        <CursorPos X="34" Y="185"/>
        <UsageCount Value="1"/>
      </Unit18>
      <Unit19>
        <Filename Value="events\event_const.pas"/>
        <IsPartOfProject Value="True"/>
        <UnitName Value="event_const"/>
        <WindowIndex Value="0"/>
        <TopLine Value="1"/>
        <CursorPos X="4" Y="9"/>
        <UsageCount Value="149"/>
      </Unit19>
      <Unit20>
        <Filename Value="..\..\mapper\fpc_schema_reader.pas"/>
        <UnitName Value="fpc_schema_reader"/>
        <WindowIndex Value="0"/>
        <TopLine Value="837"/>
        <CursorPos X="1" Y="854"/>
        <UsageCount Value="13"/>
      </Unit20>
      <Unit21>
        <Filename Value="M:\lazarus_current\lazarus\fpc\2.4.0\source\packages\fcl-xml\src\dom.pp"/>
        <UnitName Value="DOM"/>
        <WindowIndex Value="0"/>
        <TopLine Value="223"/>
        <CursorPos X="3" Y="192"/>
        <UsageCount Value="2"/>
      </Unit21>
      <Unit22>
        <Filename Value="..\..\mapper\mapper.pas"/>
        <UnitName Value="mapper"/>
        <WindowIndex Value="0"/>
        <TopLine Value="942"/>
        <CursorPos X="3" Y="944"/>
        <UsageCount Value="36"/>
      </Unit22>
      <Unit23>
        <Filename Value="..\..\mapper\mapper_project_writer.pas"/>
        <UnitName Value="mapper_project_writer"/>
        <WindowIndex Value="0"/>
        <TopLine Value="1"/>
        <CursorPos X="1" Y="1"/>
        <UsageCount Value="4"/>
      </Unit23>
      <Unit24>
        <Filename Value="..\..\readme.txt"/>
        <WindowIndex Value="0"/>
        <TopLine Value="222"/>
        <CursorPos X="26" Y="230"/>
        <UsageCount Value="6"/>
        <DefaultSyntaxHighlighter Value="None"/>
      </Unit24>
      <Unit25>
        <Filename Value="main_form.lfm"/>
        <WindowIndex Value="0"/>
        <TopLine Value="1080"/>
        <CursorPos X="29" Y="1080"/>
        <UsageCount Value="3"/>
        <DefaultSyntaxHighlighter Value="LFM"/>
      </Unit25>
      <Unit26>
        <Filename Value="bom\app_model.pas"/>
        <IsPartOfProject Value="True"/>
        <UnitName Value="app_model"/>
        <WindowIndex Value="0"/>
        <TopLine Value="74"/>
        <CursorPos X="3" Y="76"/>
        <UsageCount Value="130"/>
      </Unit26>
      <Unit27>
        <Filename Value="controllers\app_ctl.pas"/>
        <IsPartOfProject Value="True"/>
        <UnitName Value="app_ctl"/>
        <WindowIndex Value="0"/>
        <TopLine Value="131"/>
        <CursorPos X="35" Y="151"/>
        <UsageCount Value="126"/>
      </Unit27>
      <Unit28>
        <Filename Value="M:\DelphiProjects\D2009Projects\projects\CustomComponents\tiEventMVC\mvc_events.pas"/>
        <UnitName Value="mvc_events"/>
        <WindowIndex Value="0"/>
        <TopLine Value="1"/>
        <CursorPos X="1" Y="1"/>
        <UsageCount Value="1"/>
      </Unit28>
      <Unit29>
        <Filename Value="M:\lazarus_current\lazarus\lcl\include\customform.inc"/>
        <WindowIndex Value="0"/>
        <TopLine Value="822"/>
        <CursorPos X="1" Y="839"/>
        <UsageCount Value="9"/>
      </Unit29>
      <Unit30>
        <Filename Value="commands\app_cmds.pas"/>
        <IsPartOfProject Value="True"/>
        <UnitName Value="app_cmds"/>
        <WindowIndex Value="0"/>
        <TopLine Value="588"/>
        <CursorPos X="87" Y="602"/>
        <UsageCount Value="123"/>
      </Unit30>
      <Unit31>
        <Filename Value="views\edit_class_view.pas"/>
        <IsPartOfProject Value="True"/>
        <ComponentName Value="ClassEditView"/>
        <ResourceBaseClass Value="Form"/>
        <UnitName Value="edit_class_view"/>
        <WindowIndex Value="0"/>
        <TopLine Value="27"/>
        <CursorPos X="18" Y="57"/>
        <UsageCount Value="123"/>
      </Unit31>
      <Unit32>
        <Filename Value="language_strings.pas"/>
        <IsPartOfProject Value="True"/>
        <UnitName Value="language_strings"/>
        <WindowIndex Value="0"/>
        <TopLine Value="1"/>
        <CursorPos X="64" Y="9"/>
        <UsageCount Value="122"/>
      </Unit32>
      <Unit33>
        <Filename Value="M:\lazarus\components\tiOPF2\GUI\tiDialogs.pas"/>
        <UnitName Value="tiDialogs"/>
        <WindowIndex Value="0"/>
        <TopLine Value="67"/>
        <CursorPos X="49" Y="87"/>
        <UsageCount Value="7"/>
      </Unit33>
      <Unit34>
        <Filename Value="M:\lazarus\components\tiOPF2\Core\tiObject.pas"/>
        <UnitName Value="tiObject"/>
        <WindowIndex Value="0"/>
        <TopLine Value="4145"/>
        <CursorPos X="39" Y="4164"/>
        <UsageCount Value="39"/>
      </Unit34>
      <Unit35>
        <Filename Value="M:\lazarus\components\tiOPF2\Core\tiUtils.pas"/>
        <UnitName Value="tiUtils"/>
        <WindowIndex Value="0"/>
        <TopLine Value="262"/>
        <CursorPos X="18" Y="271"/>
        <UsageCount Value="6"/>
      </Unit35>
      <Unit36>
        <Filename Value="views\input_query.pas"/>
        <IsPartOfProject Value="True"/>
        <ComponentName Value="InputQuery"/>
        <ResourceBaseClass Value="Form"/>
        <UnitName Value="input_query"/>
        <WindowIndex Value="0"/>
        <TopLine Value="43"/>
        <CursorPos X="58" Y="50"/>
        <UsageCount Value="107"/>
      </Unit36>
      <Unit37>
        <Filename Value="M:\lazarus_current\lazarus\lcl\forms.pp"/>
        <UnitName Value="Forms"/>
        <WindowIndex Value="0"/>
        <TopLine Value="82"/>
        <CursorPos X="25" Y="18"/>
        <UsageCount Value="11"/>
      </Unit37>
      <Unit38>
        <Filename Value="M:\lazarus\components\tiOPF2\Core\tiRTTI.pas"/>
        <UnitName Value="tiRTTI"/>
        <WindowIndex Value="0"/>
        <TopLine Value="158"/>
        <CursorPos X="1" Y="186"/>
        <UsageCount Value="7"/>
      </Unit38>
      <Unit39>
        <Filename Value="M:\lazarus_current\lazarus\lcl\include\listitem.inc"/>
        <WindowIndex Value="0"/>
        <TopLine Value="572"/>
        <CursorPos X="1" Y="592"/>
        <UsageCount Value="6"/>
      </Unit39>
      <Unit40>
        <Filename Value="M:\lazarus_current\lazarus\lcl\include\menuitem.inc"/>
        <WindowIndex Value="0"/>
        <TopLine Value="853"/>
        <CursorPos X="1" Y="870"/>
        <UsageCount Value="4"/>
      </Unit40>
      <Unit41>
        <Filename Value="views\project_info_view.pas"/>
        <IsPartOfProject Value="True"/>
        <ComponentName Value="ProjectInfoEdit"/>
        <ResourceBaseClass Value="Form"/>
        <UnitName Value="project_info_view"/>
        <WindowIndex Value="0"/>
        <TopLine Value="20"/>
        <CursorPos X="38" Y="50"/>
        <UsageCount Value="83"/>
      </Unit41>
      <Unit42>
        <Filename Value="controllers\proj_settings_ctrl.pas"/>
        <IsPartOfProject Value="True"/>
        <UnitName Value="proj_settings_ctrl"/>
        <WindowIndex Value="0"/>
        <TopLine Value="55"/>
        <CursorPos X="25" Y="63"/>
        <UsageCount Value="82"/>
      </Unit42>
      <Unit43>
        <Filename Value="M:\lazarus_current\lazarus\lcl\include\canvas.inc"/>
        <WindowIndex Value="0"/>
        <TopLine Value="1428"/>
        <CursorPos X="1" Y="1445"/>
        <UsageCount Value="8"/>
      </Unit43>
      <Unit44>
        <Filename Value="events\app_events.pas"/>
        <IsPartOfProject Value="True"/>
        <UnitName Value="app_events"/>
        <WindowIndex Value="0"/>
        <TopLine Value="7"/>
        <CursorPos X="34" Y="34"/>
        <UsageCount Value="76"/>
      </Unit44>
      <Unit45>
        <Filename Value="M:\lazarus_current\lazarus\lcl\include\control.inc"/>
        <WindowIndex Value="0"/>
        <TopLine Value="1604"/>
        <CursorPos X="1" Y="1621"/>
        <UsageCount Value="6"/>
      </Unit45>
      <Unit46>
        <Filename Value="M:\lazarus_current\lazarus\lcl\interfaces\win32\win32callback.inc"/>
        <WindowIndex Value="0"/>
        <TopLine Value="2433"/>
        <CursorPos X="1" Y="2450"/>
        <UsageCount Value="5"/>
      </Unit46>
      <Unit47>
        <Filename Value="M:\lazarus_current\lazarus\lcl\include\buttoncontrol.inc"/>
        <WindowIndex Value="0"/>
        <TopLine Value="10"/>
        <CursorPos X="1" Y="22"/>
        <UsageCount Value="5"/>
      </Unit47>
      <Unit48>
        <Filename Value="M:\lazarus_current\lazarus\lcl\include\buttons.inc"/>
        <WindowIndex Value="0"/>
        <TopLine Value="312"/>
        <CursorPos X="1" Y="342"/>
        <UsageCount Value="5"/>
      </Unit48>
      <Unit49>
        <Filename Value="M:\lazarus_current\lazarus\lcl\include\wincontrol.inc"/>
        <WindowIndex Value="0"/>
        <TopLine Value="5145"/>
        <CursorPos X="1" Y="5162"/>
        <UsageCount Value="5"/>
      </Unit49>
      <Unit50>
        <Filename Value="M:\lazarus_current\lazarus\lcl\lclmessageglue.pas"/>
        <UnitName Value="LCLMessageGlue"/>
        <WindowIndex Value="0"/>
        <TopLine Value="115"/>
        <CursorPos X="1" Y="123"/>
        <UsageCount Value="5"/>
      </Unit50>
      <Unit51>
        <Filename Value="controllers\edit_class_ctrl.pas"/>
        <IsPartOfProject Value="True"/>
        <UnitName Value="edit_class_ctrl"/>
        <WindowIndex Value="0"/>
        <TopLine Value="43"/>
        <CursorPos X="33" Y="63"/>
        <UsageCount Value="40"/>
      </Unit51>
      <Unit52>
        <Filename Value="M:\lazarus\components\tiOPF2\Core\tiBaseObject.pas"/>
        <UnitName Value="tiBaseObject"/>
        <WindowIndex Value="0"/>
        <TopLine Value="74"/>
        <CursorPos X="1" Y="95"/>
        <UsageCount Value="16"/>
      </Unit52>
    </Units>
    <JumpHistory Count="6" HistoryIndex="5">
      <Position1>
        <Filename Value="main_form.pas"/>
        <Caret Line="86" Column="1" TopLine="76"/>
      </Position1>
      <Position2>
        <Filename Value="main_form.pas"/>
        <Caret Line="84" Column="33" TopLine="76"/>
      </Position2>
      <Position3>
        <Filename Value="main_form.pas"/>
        <Caret Line="84" Column="41" TopLine="76"/>
      </Position3>
      <Position4>
        <Filename Value="main_form.pas"/>
        <Caret Line="97" Column="3" TopLine="72"/>
      </Position4>
      <Position5>
        <Filename Value="main_form.pas"/>
        <Caret Line="127" Column="3" TopLine="107"/>
      </Position5>
      <Position6>
        <Filename Value="main_form.pas"/>
        <Caret Line="149" Column="71" TopLine="147"/>
      </Position6>
    </JumpHistory>
  </ProjectOptions>
  <CompilerOptions>
    <Version Value="8"/>
    <PathDelim Value="\"/>
    <Target>
      <Filename Value="mapgui"/>
    </Target>
    <SearchPaths>
      <IncludeFiles Value="$(ProjOutDir)\"/>
      <OtherUnitFiles Value="views\;controllers\;bom\;commands\;events\"/>
      <UnitOutputDirectory Value="lib\$(TargetCPU)-$(TargetOS)"/>
    </SearchPaths>
    <Parsing>
      <SyntaxOptions>
        <UseAnsiStrings Value="True"/>
      </SyntaxOptions>
    </Parsing>
    <Linking>
      <Debugging>
        <UseHeaptrc Value="True"/>
      </Debugging>
      <Options>
        <Win32>
          <GraphicApplication Value="True"/>
        </Win32>
      </Options>
    </Linking>
    <Other>
      <CompilerMessages>
        <UseMsgFile Value="True"/>
      </CompilerMessages>
      <CompilerPath Value="$(CompPath)"/>
    </Other>
  </CompilerOptions>
  <Debugging>
    <BreakPoints Count="3">
      <Item1>
        <Source Value="M:\DelphiProjects\D2009Projects\projects\CustomComponents\tiEventMVC\mvc_base.pas"/>
        <Line Value="778"/>
      </Item1>
      <Item2>
        <Source Value="commands\app_cmds.pas"/>
        <Line Value="617"/>
      </Item2>
      <Item3>
        <Source Value="M:\DelphiProjects\D2009Projects\projects\CustomComponents\tiEventMVC\lcl_controllers.pas"/>
        <Line Value="957"/>
      </Item3>
    </BreakPoints>
    <Exceptions Count="3">
      <Item1>
        <Name Value="EAbort"/>
      </Item1>
      <Item2>
        <Name Value="ECodetoolError"/>
      </Item2>
      <Item3>
        <Name Value="EFOpenError"/>
      </Item3>
    </Exceptions>
  </Debugging>
</CONFIG>
