<?xml version="1.0"?>
<CONFIG>
  <ProjectOptions>
    <PathDelim Value="\"/>
    <Version Value="7"/>
    <General>
      <Flags>
        <MainUnitHasCreateFormStatements Value="False"/>
        <MainUnitHasTitleStatement Value="False"/>
        <UseDefaultCompilerOptions Value="True"/>
      </Flags>
      <MainUnit Value="0"/>
      <TargetFileExt Value=".exe"/>
      <ResourceType Value="res"/>
      <UseXPManifest Value="True"/>
      <Icon Value="0"/>
      <ActiveWindowIndexAtStart Value="0"/>
    </General>
    <VersionInfo>
      <Language Value=""/>
      <CharSet Value=""/>
      <StringTable Comments="" CompanyName="" FileDescription="" FileVersion="" InternalName="" LegalCopyright="" LegalTrademarks="" OriginalFilename="" ProductName="" ProductVersion=""/>
    </VersionInfo>
    <PublishOptions>
      <Version Value="2"/>
      <IgnoreBinaries Value="False"/>
      <IncludeFileFilter Value="*.(pas|pp|inc|lfm|lpr|lrs|lpi|lpk|sh|xml)"/>
      <ExcludeFileFilter Value="*.(bak|ppu|ppw|o|so);*~;backup"/>
    </PublishOptions>
    <RunParams>
      <local>
        <FormatVersion Value="1"/>
        <CommandLineParams Value="-f &quot;M:\LazarusProjects\custom_comps\tiOPFMapper\demos\schema\sample.xml&quot;"/>
        <LaunchingApplication PathPlusParams="/usr/X11R6/bin/xterm -T 'Lazarus Run Output' -e $(LazarusDir)/tools/runwait.sh $(TargetCmdLine)"/>
      </local>
    </RunParams>
    <RequiredPackages Count="1">
      <Item1>
        <PackageName Value="laz_timapper"/>
      </Item1>
    </RequiredPackages>
    <Units Count="19">
      <Unit0>
        <Filename Value="timap.lpr"/>
        <IsPartOfProject Value="True"/>
        <UnitName Value="timap"/>
        <EditorIndex Value="1"/>
        <WindowIndex Value="0"/>
        <TopLine Value="132"/>
        <CursorPos X="1" Y="161"/>
        <UsageCount Value="201"/>
        <Loaded Value="True"/>
      </Unit0>
      <Unit1>
        <Filename Value="..\mapper\mapper.pas"/>
        <UnitName Value="mapper"/>
        <EditorIndex Value="3"/>
        <WindowIndex Value="0"/>
        <TopLine Value="880"/>
        <CursorPos X="23" Y="888"/>
        <UsageCount Value="101"/>
        <Bookmarks Count="1">
          <Item0 X="29" Y="647" ID="2"/>
        </Bookmarks>
        <Loaded Value="True"/>
      </Unit1>
      <Unit2>
        <Filename Value="M:\lazarus_current\lazarus\fpc\2.4.0\source\packages\fcl-base\src\custapp.pp"/>
        <UnitName Value="CustApp"/>
        <EditorIndex Value="0"/>
        <WindowIndex Value="0"/>
        <TopLine Value="76"/>
        <CursorPos X="32" Y="104"/>
        <UsageCount Value="101"/>
        <Loaded Value="True"/>
      </Unit2>
      <Unit3>
        <Filename Value="..\mapper\mapper_project_writer.pas"/>
        <UnitName Value="mapper_project_writer"/>
        <IsVisibleTab Value="True"/>
        <EditorIndex Value="2"/>
        <WindowIndex Value="0"/>
        <TopLine Value="726"/>
        <CursorPos X="18" Y="765"/>
        <UsageCount Value="100"/>
        <Bookmarks Count="1">
          <Item0 X="20" Y="714" ID="1"/>
        </Bookmarks>
        <Loaded Value="True"/>
      </Unit3>
      <Unit4>
        <Filename Value="..\mapper\fpc_schema_reader.pas"/>
        <UnitName Value="fpc_schema_reader"/>
        <EditorIndex Value="4"/>
        <WindowIndex Value="0"/>
        <TopLine Value="200"/>
        <CursorPos X="1" Y="217"/>
        <UsageCount Value="94"/>
        <Loaded Value="True"/>
      </Unit4>
      <Unit5>
        <Filename Value="M:\lazarus_current\lazarus\fpc\2.4.0\source\rtl\objpas\typinfo.pp"/>
        <UnitName Value="typinfo"/>
        <WindowIndex Value="0"/>
        <TopLine Value="1012"/>
        <CursorPos X="1" Y="1046"/>
        <UsageCount Value="5"/>
      </Unit5>
      <Unit6>
        <Filename Value="M:\lazarus\components\tiOPF2\Core\tiVisitorDB.pas"/>
        <UnitName Value="tiVisitorDB"/>
        <WindowIndex Value="0"/>
        <TopLine Value="271"/>
        <CursorPos X="3" Y="273"/>
        <UsageCount Value="5"/>
      </Unit6>
      <Unit7>
        <Filename Value="..\demos\bom\person_bom.pas"/>
        <UnitName Value="person_bom"/>
        <WindowIndex Value="0"/>
        <TopLine Value="1"/>
        <CursorPos X="87" Y="29"/>
        <UsageCount Value="31"/>
      </Unit7>
      <Unit8>
        <Filename Value="..\demos\bom\jobs_bom.pas"/>
        <UnitName Value="jobs_bom"/>
        <UsageCount Value="13"/>
      </Unit8>
      <Unit9>
        <Filename Value="M:\lazarus_current\lazarus\fpc\2.4.0\source\packages\fcl-xml\src\dom.pp"/>
        <UnitName Value="DOM"/>
        <EditorIndex Value="8"/>
        <WindowIndex Value="0"/>
        <TopLine Value="67"/>
        <CursorPos X="1" Y="1"/>
        <UsageCount Value="41"/>
        <Loaded Value="True"/>
      </Unit9>
      <Unit10>
        <Filename Value="M:\lazarus\components\tiOPF2\Core\tiObject.pas"/>
        <UnitName Value="tiObject"/>
        <WindowIndex Value="0"/>
        <TopLine Value="422"/>
        <CursorPos X="17" Y="439"/>
        <UsageCount Value="31"/>
      </Unit10>
      <Unit11>
        <Filename Value="M:\lazarus\components\tiOPF2\Core\tiUtils.pas"/>
        <UnitName Value="tiUtils"/>
        <EditorIndex Value="5"/>
        <WindowIndex Value="0"/>
        <TopLine Value="64"/>
        <CursorPos X="45" Y="384"/>
        <UsageCount Value="34"/>
        <Loaded Value="True"/>
      </Unit11>
      <Unit12>
        <Filename Value="M:\DelphiProjects\D2009Projects\Components\VGScene\lazarus\vgscene.pas"/>
        <UnitName Value="vgscene"/>
        <EditorIndex Value="7"/>
        <WindowIndex Value="0"/>
        <TopLine Value="1"/>
        <CursorPos X="88" Y="17"/>
        <UsageCount Value="32"/>
        <Loaded Value="True"/>
      </Unit12>
      <Unit13>
        <Filename Value="M:\lazarus_current\lazarus\fpc\2.4.0\source\rtl\objpas\sysutils\sysutilh.inc"/>
        <WindowIndex Value="0"/>
        <TopLine Value="191"/>
        <CursorPos X="23" Y="208"/>
        <UsageCount Value="24"/>
      </Unit13>
      <Unit14>
        <Filename Value="M:\lazarus_current\lazarus\fpc\2.4.0\source\rtl\win32\system.pp"/>
        <UnitName Value="System"/>
        <WindowIndex Value="0"/>
        <TopLine Value="23"/>
        <CursorPos X="2" Y="40"/>
        <UsageCount Value="24"/>
      </Unit14>
      <Unit15>
        <Filename Value="M:\lazarus_current\lazarus\fpc\2.4.0\source\rtl\objpas\classes\classesh.inc"/>
        <WindowIndex Value="0"/>
        <TopLine Value="144"/>
        <CursorPos X="3" Y="161"/>
        <UsageCount Value="12"/>
      </Unit15>
      <Unit16>
        <Filename Value="M:\lazarus_current\lazarus\fpc\2.4.0\source\rtl\inc\variants.pp"/>
        <UnitName Value="variants"/>
        <WindowIndex Value="0"/>
        <TopLine Value="34"/>
        <CursorPos X="40" Y="66"/>
        <UsageCount Value="11"/>
      </Unit16>
      <Unit17>
        <Filename Value="M:\lazarus_current\lazarus\fpc\2.4.0\source\rtl\inc\varianth.inc"/>
        <WindowIndex Value="0"/>
        <TopLine Value="66"/>
        <CursorPos X="4" Y="53"/>
        <UsageCount Value="11"/>
      </Unit17>
      <Unit18>
        <Filename Value="M:\lazarus\components\tiOPF2\Core\tiRTTI.pas"/>
        <UnitName Value="tiRTTI"/>
        <EditorIndex Value="6"/>
        <WindowIndex Value="0"/>
        <TopLine Value="52"/>
        <CursorPos X="1" Y="1"/>
        <UsageCount Value="16"/>
        <Loaded Value="True"/>
      </Unit18>
    </Units>
    <JumpHistory Count="30" HistoryIndex="29">
      <Position1>
        <Filename Value="..\mapper\fpc_schema_reader.pas"/>
        <Caret Line="222" Column="1" TopLine="210"/>
      </Position1>
      <Position2>
        <Filename Value="..\mapper\fpc_schema_reader.pas"/>
        <Caret Line="224" Column="1" TopLine="210"/>
      </Position2>
      <Position3>
        <Filename Value="..\mapper\fpc_schema_reader.pas"/>
        <Caret Line="226" Column="1" TopLine="219"/>
      </Position3>
      <Position4>
        <Filename Value="..\mapper\fpc_schema_reader.pas"/>
        <Caret Line="232" Column="1" TopLine="219"/>
      </Position4>
      <Position5>
        <Filename Value="..\mapper\fpc_schema_reader.pas"/>
        <Caret Line="243" Column="1" TopLine="219"/>
      </Position5>
      <Position6>
        <Filename Value="..\mapper\fpc_schema_reader.pas"/>
        <Caret Line="247" Column="1" TopLine="219"/>
      </Position6>
      <Position7>
        <Filename Value="..\mapper\fpc_schema_reader.pas"/>
        <Caret Line="517" Column="1" TopLine="500"/>
      </Position7>
      <Position8>
        <Filename Value="..\mapper\fpc_schema_reader.pas"/>
        <Caret Line="518" Column="1" TopLine="500"/>
      </Position8>
      <Position9>
        <Filename Value="..\mapper\mapper_project_writer.pas"/>
        <Caret Line="149" Column="1" TopLine="144"/>
      </Position9>
      <Position10>
        <Filename Value="..\mapper\mapper_project_writer.pas"/>
        <Caret Line="256" Column="1" TopLine="239"/>
      </Position10>
      <Position11>
        <Filename Value="..\mapper\mapper_project_writer.pas"/>
        <Caret Line="267" Column="1" TopLine="239"/>
      </Position11>
      <Position12>
        <Filename Value="..\mapper\mapper_project_writer.pas"/>
        <Caret Line="149" Column="1" TopLine="132"/>
      </Position12>
      <Position13>
        <Filename Value="..\mapper\mapper_project_writer.pas"/>
        <Caret Line="172" Column="1" TopLine="155"/>
      </Position13>
      <Position14>
        <Filename Value="..\mapper\mapper_project_writer.pas"/>
        <Caret Line="174" Column="1" TopLine="155"/>
      </Position14>
      <Position15>
        <Filename Value="..\mapper\mapper_project_writer.pas"/>
        <Caret Line="274" Column="1" TopLine="257"/>
      </Position15>
      <Position16>
        <Filename Value="..\mapper\mapper_project_writer.pas"/>
        <Caret Line="715" Column="1" TopLine="698"/>
      </Position16>
      <Position17>
        <Filename Value="..\mapper\mapper_project_writer.pas"/>
        <Caret Line="742" Column="37" TopLine="725"/>
      </Position17>
      <Position18>
        <Filename Value="..\mapper\mapper_project_writer.pas"/>
        <Caret Line="1035" Column="24" TopLine="1019"/>
      </Position18>
      <Position19>
        <Filename Value="..\mapper\mapper.pas"/>
        <Caret Line="824" Column="1" TopLine="801"/>
      </Position19>
      <Position20>
        <Filename Value="..\mapper\mapper.pas"/>
        <Caret Line="159" Column="43" TopLine="154"/>
      </Position20>
      <Position21>
        <Filename Value="..\mapper\mapper.pas"/>
        <Caret Line="506" Column="17" TopLine="555"/>
      </Position21>
      <Position22>
        <Filename Value="..\mapper\mapper_project_writer.pas"/>
        <Caret Line="1037" Column="7" TopLine="1019"/>
      </Position22>
      <Position23>
        <Filename Value="..\mapper\mapper_project_writer.pas"/>
        <Caret Line="783" Column="53" TopLine="765"/>
      </Position23>
      <Position24>
        <Filename Value="..\mapper\mapper_project_writer.pas"/>
        <Caret Line="169" Column="22" TopLine="140"/>
      </Position24>
      <Position25>
        <Filename Value="..\mapper\mapper_project_writer.pas"/>
        <Caret Line="699" Column="26" TopLine="688"/>
      </Position25>
      <Position26>
        <Filename Value="..\mapper\mapper_project_writer.pas"/>
        <Caret Line="1697" Column="20" TopLine="1673"/>
      </Position26>
      <Position27>
        <Filename Value="..\mapper\mapper_project_writer.pas"/>
        <Caret Line="1503" Column="3" TopLine="1503"/>
      </Position27>
      <Position28>
        <Filename Value="..\mapper\mapper.pas"/>
        <Caret Line="888" Column="23" TopLine="880"/>
      </Position28>
      <Position29>
        <Filename Value="..\mapper\mapper_project_writer.pas"/>
        <Caret Line="1040" Column="1" TopLine="1058"/>
      </Position29>
      <Position30>
        <Filename Value="..\mapper\mapper_project_writer.pas"/>
        <Caret Line="793" Column="54" TopLine="777"/>
      </Position30>
    </JumpHistory>
  </ProjectOptions>
  <CompilerOptions>
    <Version Value="8"/>
    <PathDelim Value="\"/>
    <Target>
      <Filename Value="timap"/>
    </Target>
    <SearchPaths>
      <IncludeFiles Value="$(ProjOutDir)\"/>
      <OtherUnitFiles Value="M:\LazarusProjects\custom_comps\tiOPFMapper\demos\bom\"/>
      <UnitOutputDirectory Value="lib\$(TargetCPU)-$(TargetOS)"/>
    </SearchPaths>
    <Parsing>
      <SyntaxOptions>
        <UseAnsiStrings Value="True"/>
      </SyntaxOptions>
    </Parsing>
    <Linking>
      <Debugging>
        <StripSymbols Value="True"/>
      </Debugging>
    </Linking>
    <Other>
      <CompilerMessages>
        <UseMsgFile Value="True"/>
      </CompilerMessages>
      <CompilerPath Value="$(CompPath)"/>
    </Other>
  </CompilerOptions>
  <Debugging>
    <Exceptions Count="3">
      <Item1>
        <Name Value="EAbort"/>
      </Item1>
      <Item2>
        <Name Value="ECodetoolError"/>
      </Item2>
      <Item3>
        <Name Value="EFOpenError"/>
      </Item3>
    </Exceptions>
  </Debugging>
</CONFIG>
